{
  "name": "dhcm-finance-control-hub",
  "version": "0.1.0",
  "lockfileVersion": 3,
  "requires": true,
  "packages": {
    "": {
      "name": "dhcm-finance-control-hub",
      "version": "0.1.0",
      "dependencies": {
        "@supabase/supabase-js": "^2.75.0",
        "framer-motion": "^11.3.8",
        "lucide-react": "^0.468.0",
        "react": "^18.3.1",
        "react-dom": "^18.3.1"
      },
      "devDependencies": {
        "@eslint/js": "^9.17.0",
        "@types/react": "^18.3.17",
        "@types/react-dom": "^18.3.5",
        "@vitejs/plugin-react": "^4.3.4",
        "eslint": "^9.17.0",
        "eslint-plugin-react-hooks": "^5.1.0",
        "typescript": "^5.7.2",
        "typescript-eslint": "^8.18.1",
        "vite": "^6.0.5"
      }
    },
    "node_modules/framer-motion": {
      "version": "11.18.2",
      "resolved": "https://registry.npmjs.org/framer-motion/-/framer-motion-11.18.2.tgz",
      "integrity": "sha512-C8c1P8m1sUEkqcOSqpjNJpJnFMJPRWZBzSp8Bk/jKC/IeVPSE5H8n8MfW8A9qvknaPvXDWu8vP2F4nqV6eRqA==",
      "license": "MIT",
      "dependencies": {
        "motion-dom": "11.18.1",
        "motion-utils": "11.18.1"
      }
    },
    "node_modules/motion-dom": {
      "version": "11.18.1",
      "resolved": "https://registry.npmjs.org/motion-dom/-/motion-dom-11.18.1.tgz",
      "integrity": "sha512-6c/Wx1A3B7fNGnSBQPFqKfgV9+h2sLbvBCGW4EqnVhEMy2CgDJkw2a6EqGiVYSLsckkW7Z8U/YJa3CuC+eo//g==",
      "license": "MIT"
    },
    "node_modules/motion-utils": {
      "version": "11.18.1",
      "resolved": "https://registry.npmjs.org/motion-utils/-/motion-utils-11.18.1.tgz",
      "integrity": "sha512-eJ2S9qKkqmHw5uECGrEP4CJ9F7RcZ3VF+OwJEVgVMpK6PxJyOh0zOaY4bVnNB5V0f0bzlyKZ+f8CtU7E/sj5A==",
      "license": "MIT"
    }
  }
}
